
Microsoft Visual Studio Solution File, Format Version 12.00
# Visual Studio Version 16
VisualStudioVersion = 16.0.31702.278
MinimumVisualStudioVersion = 10.0.40219.1
Project("{FAE04EC0-301F-11D3-BF4B-00C04F79EFBC}") = "WFChessGame", "WFChessGame\WFChessGame.csproj", "{D815CD53-BFC2-434C-A629-4E56EDA07191}"
EndProject
Project("{FAE04EC0-301F-11D3-BF4B-00C04F79EFBC}") = "TestEngine", "WFChessGame\TestEngine\TestEngine.csproj", "{3E2D271D-BE54-44CD-B013-9006331E9FDE}"
EndProject
Global
	GlobalSection(SolutionConfigurationPlatforms) = preSolution
		Debug|Any CPU = Debug|Any CPU
		Release|Any CPU = Release|Any CPU
	EndGlobalSection
	GlobalSection(ProjectConfigurationPlatforms) = postSolution
		{D815CD53-BFC2-434C-A629-4E56EDA07191}.Debug|Any CPU.ActiveCfg = Debug|Any CPU
		{D815CD53-BFC2-434C-A629-4E56EDA07191}.Debug|Any CPU.Build.0 = Debug|Any CPU
		{D815CD53-BFC2-434C-A629-4E56EDA07191}.Release|Any CPU.ActiveCfg = Release|Any CPU
		{D815CD53-BFC2-434C-A629-4E56EDA07191}.Release|Any CPU.Build.0 = Release|Any CPU
		{3E2D271D-BE54-44CD-B013-9006331E9FDE}.Debug|Any CPU.ActiveCfg = Debug|Any CPU
		{3E2D271D-BE54-44CD-B013-9006331E9FDE}.Debug|Any CPU.Build.0 = Debug|Any CPU
		{3E2D271D-BE54-44CD-B013-9006331E9FDE}.Release|Any CPU.ActiveCfg = Release|Any CPU
		{3E2D271D-BE54-44CD-B013-9006331E9FDE}.Release|Any CPU.Build.0 = Release|Any CPU
	EndGlobalSection
	GlobalSection(SolutionProperties) = preSolution
		HideSolutionNode = FALSE
	EndGlobalSection
	GlobalSection(ExtensibilityGlobals) = postSolution
		SolutionGuid = {60F90ABE-835C-4938-A742-E4A5AAB6B7B9}
	EndGlobalSection
EndGlobal
